{
  "name": "accounts-database-modified",
  "version": "1.0.1",
  "description": "Modified version of original AccountsDatabase project",
  "main": "index.js",
  "scripts": {
    "start": "node index.js"
  },
  "dependencies": {
    "pg": "^8.10.0",
    "prompt": "^1.2.0",
    "chalk": "^5.0.0"  
  }
}

//Цей код — конфігураційний файл для Node.js проекту. Він містить налаштування для запуску програми через npm start та визначає залежності, такі як бібліотеки для роботи з PostgreSQL (pg),
взаємодії з користувачем через консоль (prompt) і кольорового форматування тексту (chalk).




